
Microsoft Visual Studio Solution File, Format Version 12.00
# Visual Studio 14
VisualStudioVersion = 14.0.25420.1
MinimumVisualStudioVersion = 10.0.40219.1
Project("{FAE04EC0-301F-11D3-BF4B-00C04F79EFBC}") = "KenoAntigen", "KenoAntigen\KenoAntigen\KenoAntigen.csproj", "{9A73CEDB-8C57-47B8-A5B6-47B776F7E41C}"
EndProject
Project("{FAE04EC0-301F-11D3-BF4B-00C04F79EFBC}") = "KenoAntigen.Droid", "KenoAntigen\KenoAntigen.Droid\KenoAntigen.Droid.csproj", "{C114F3F8-2634-417A-A725-6A22B7EFB20D}"
EndProject
Project("{FAE04EC0-301F-11D3-BF4B-00C04F79EFBC}") = "KenoAntigen.iOS", "KenoAntigen\KenoAntigen.iOS\KenoAntigen.iOS.csproj", "{50B8ADD1-3396-4063-B102-20CAA71B8A48}"
EndProject
Project("{FAE04EC0-301F-11D3-BF4B-00C04F79EFBC}") = "KenoAntigen.WinPhone", "KenoAntigen\KenoAntigen.WinPhone\KenoAntigen.WinPhone.csproj", "{8F9DDBFA-5008-4E33-AA2A-7237ABE8BF92}"
EndProject
Project("{FAE04EC0-301F-11D3-BF4B-00C04F79EFBC}") = "KenoAntigen.UWP", "KenoAntigen\KenoAntigen.UWP\KenoAntigen.UWP.csproj", "{28D4FDEB-9B7A-4BBC-93E9-1B9092EAE6B0}"
EndProject
Project("{FAE04EC0-301F-11D3-BF4B-00C04F79EFBC}") = "KenoAntigen.Windows", "KenoAntigen\KenoAntigen.Windows\KenoAntigen.Windows.csproj", "{4971CFB1-BB27-4127-B66B-EAB0D49CBCA4}"
EndProject
Project("{FAE04EC0-301F-11D3-BF4B-00C04F79EFBC}") = "KenoAntigenWrapper", "KenoAntigenWrapper\KenoAntigenWrapper.csproj", "{8E51E0AA-1610-4D3C-A0D7-65D58FD9E476}"
EndProject
Global
	GlobalSection(SolutionConfigurationPlatforms) = preSolution
		Ad-Hoc|Any CPU = Ad-Hoc|Any CPU
		Ad-Hoc|ARM = Ad-Hoc|ARM
		Ad-Hoc|iPhone = Ad-Hoc|iPhone
		Ad-Hoc|iPhoneSimulator = Ad-Hoc|iPhoneSimulator
		Ad-Hoc|x64 = Ad-Hoc|x64
		Ad-Hoc|x86 = Ad-Hoc|x86
		AppStore|Any CPU = AppStore|Any CPU
		AppStore|ARM = AppStore|ARM
		AppStore|iPhone = AppStore|iPhone
		AppStore|iPhoneSimulator = AppStore|iPhoneSimulator
		AppStore|x64 = AppStore|x64
		AppStore|x86 = AppStore|x86
		Debug|Any CPU = Debug|Any CPU
		Debug|ARM = Debug|ARM
		Debug|iPhone = Debug|iPhone
		Debug|iPhoneSimulator = Debug|iPhoneSimulator
		Debug|x64 = Debug|x64
		Debug|x86 = Debug|x86
		Release|Any CPU = Release|Any CPU
		Release|ARM = Release|ARM
		Release|iPhone = Release|iPhone
		Release|iPhoneSimulator = Release|iPhoneSimulator
		Release|x64 = Release|x64
		Release|x86 = Release|x86
	EndGlobalSection
	GlobalSection(ProjectConfigurationPlatforms) = postSolution
		{9A73CEDB-8C57-47B8-A5B6-47B776F7E41C}.Ad-Hoc|Any CPU.ActiveCfg = Release|Any CPU
		{9A73CEDB-8C57-47B8-A5B6-47B776F7E41C}.Ad-Hoc|Any CPU.Build.0 = Release|Any CPU
		{9A73CEDB-8C57-47B8-A5B6-47B776F7E41C}.Ad-Hoc|ARM.ActiveCfg = Release|Any CPU
		{9A73CEDB-8C57-47B8-A5B6-47B776F7E41C}.Ad-Hoc|ARM.Build.0 = Release|Any CPU
		{9A73CEDB-8C57-47B8-A5B6-47B776F7E41C}.Ad-Hoc|iPhone.ActiveCfg = Release|Any CPU
		{9A73CEDB-8C57-47B8-A5B6-47B776F7E41C}.Ad-Hoc|iPhone.Build.0 = Release|Any CPU
		{9A73CEDB-8C57-47B8-A5B6-47B776F7E41C}.Ad-Hoc|iPhoneSimulator.ActiveCfg = Release|Any CPU
		{9A73CEDB-8C57-47B8-A5B6-47B776F7E41C}.Ad-Hoc|iPhoneSimulator.Build.0 = Release|Any CPU
		{9A73CEDB-8C57-47B8-A5B6-47B776F7E41C}.Ad-Hoc|x64.ActiveCfg = Release|Any CPU
		{9A73CEDB-8C57-47B8-A5B6-47B776F7E41C}.Ad-Hoc|x64.Build.0 = Release|Any CPU
		{9A73CEDB-8C57-47B8-A5B6-47B776F7E41C}.Ad-Hoc|x86.ActiveCfg = Release|Any CPU
		{9A73CEDB-8C57-47B8-A5B6-47B776F7E41C}.Ad-Hoc|x86.Build.0 = Release|Any CPU
		{9A73CEDB-8C57-47B8-A5B6-47B776F7E41C}.AppStore|Any CPU.ActiveCfg = Release|Any CPU
		{9A73CEDB-8C57-47B8-A5B6-47B776F7E41C}.AppStore|Any CPU.Build.0 = Release|Any CPU
		{9A73CEDB-8C57-47B8-A5B6-47B776F7E41C}.AppStore|ARM.ActiveCfg = Release|Any CPU
		{9A73CEDB-8C57-47B8-A5B6-47B776F7E41C}.AppStore|ARM.Build.0 = Release|Any CPU
		{9A73CEDB-8C57-47B8-A5B6-47B776F7E41C}.AppStore|iPhone.ActiveCfg = Release|Any CPU
		{9A73CEDB-8C57-47B8-A5B6-47B776F7E41C}.AppStore|iPhone.Build.0 = Release|Any CPU
		{9A73CEDB-8C57-47B8-A5B6-47B776F7E41C}.AppStore|iPhoneSimulator.ActiveCfg = Release|Any CPU
		{9A73CEDB-8C57-47B8-A5B6-47B776F7E41C}.AppStore|iPhoneSimulator.Build.0 = Release|Any CPU
		{9A73CEDB-8C57-47B8-A5B6-47B776F7E41C}.AppStore|x64.ActiveCfg = Release|Any CPU
		{9A73CEDB-8C57-47B8-A5B6-47B776F7E41C}.AppStore|x64.Build.0 = Release|Any CPU
		{9A73CEDB-8C57-47B8-A5B6-47B776F7E41C}.AppStore|x86.ActiveCfg = Release|Any CPU
		{9A73CEDB-8C57-47B8-A5B6-47B776F7E41C}.AppStore|x86.Build.0 = Release|Any CPU
		{9A73CEDB-8C57-47B8-A5B6-47B776F7E41C}.Debug|Any CPU.ActiveCfg = Debug|Any CPU
		{9A73CEDB-8C57-47B8-A5B6-47B776F7E41C}.Debug|Any CPU.Build.0 = Debug|Any CPU
		{9A73CEDB-8C57-47B8-A5B6-47B776F7E41C}.Debug|ARM.ActiveCfg = Debug|Any CPU
		{9A73CEDB-8C57-47B8-A5B6-47B776F7E41C}.Debug|ARM.Build.0 = Debug|Any CPU
		{9A73CEDB-8C57-47B8-A5B6-47B776F7E41C}.Debug|iPhone.ActiveCfg = Debug|Any CPU
		{9A73CEDB-8C57-47B8-A5B6-47B776F7E41C}.Debug|iPhone.Build.0 = Debug|Any CPU
		{9A73CEDB-8C57-47B8-A5B6-47B776F7E41C}.Debug|iPhoneSimulator.ActiveCfg = Debug|Any CPU
		{9A73CEDB-8C57-47B8-A5B6-47B776F7E41C}.Debug|iPhoneSimulator.Build.0 = Debug|Any CPU
		{9A73CEDB-8C57-47B8-A5B6-47B776F7E41C}.Debug|x64.ActiveCfg = Debug|Any CPU
		{9A73CEDB-8C57-47B8-A5B6-47B776F7E41C}.Debug|x64.Build.0 = Debug|Any CPU
		{9A73CEDB-8C57-47B8-A5B6-47B776F7E41C}.Debug|x86.ActiveCfg = Debug|Any CPU
		{9A73CEDB-8C57-47B8-A5B6-47B776F7E41C}.Debug|x86.Build.0 = Debug|Any CPU
		{9A73CEDB-8C57-47B8-A5B6-47B776F7E41C}.Release|Any CPU.ActiveCfg = Release|Any CPU
		{9A73CEDB-8C57-47B8-A5B6-47B776F7E41C}.Release|Any CPU.Build.0 = Release|Any CPU
		{9A73CEDB-8C57-47B8-A5B6-47B776F7E41C}.Release|ARM.ActiveCfg = Release|Any CPU
		{9A73CEDB-8C57-47B8-A5B6-47B776F7E41C}.Release|ARM.Build.0 = Release|Any CPU
		{9A73CEDB-8C57-47B8-A5B6-47B776F7E41C}.Release|iPhone.ActiveCfg = Release|Any CPU
		{9A73CEDB-8C57-47B8-A5B6-47B776F7E41C}.Release|iPhone.Build.0 = Release|Any CPU
		{9A73CEDB-8C57-47B8-A5B6-47B776F7E41C}.Release|iPhoneSimulator.ActiveCfg = Release|Any CPU
		{9A73CEDB-8C57-47B8-A5B6-47B776F7E41C}.Release|iPhoneSimulator.Build.0 = Release|Any CPU
		{9A73CEDB-8C57-47B8-A5B6-47B776F7E41C}.Release|x64.ActiveCfg = Release|Any CPU
		{9A73CEDB-8C57-47B8-A5B6-47B776F7E41C}.Release|x64.Build.0 = Release|Any CPU
		{9A73CEDB-8C57-47B8-A5B6-47B776F7E41C}.Release|x86.ActiveCfg = Release|Any CPU
		{9A73CEDB-8C57-47B8-A5B6-47B776F7E41C}.Release|x86.Build.0 = Release|Any CPU
		{C114F3F8-2634-417A-A725-6A22B7EFB20D}.Ad-Hoc|Any CPU.ActiveCfg = Release|Any CPU
		{C114F3F8-2634-417A-A725-6A22B7EFB20D}.Ad-Hoc|Any CPU.Build.0 = Release|Any CPU
		{C114F3F8-2634-417A-A725-6A22B7EFB20D}.Ad-Hoc|Any CPU.Deploy.0 = Release|Any CPU
		{C114F3F8-2634-417A-A725-6A22B7EFB20D}.Ad-Hoc|ARM.ActiveCfg = Release|Any CPU
		{C114F3F8-2634-417A-A725-6A22B7EFB20D}.Ad-Hoc|ARM.Build.0 = Release|Any CPU
		{C114F3F8-2634-417A-A725-6A22B7EFB20D}.Ad-Hoc|ARM.Deploy.0 = Release|Any CPU
		{C114F3F8-2634-417A-A725-6A22B7EFB20D}.Ad-Hoc|iPhone.ActiveCfg = Release|Any CPU
		{C114F3F8-2634-417A-A725-6A22B7EFB20D}.Ad-Hoc|iPhone.Build.0 = Release|Any CPU
		{C114F3F8-2634-417A-A725-6A22B7EFB20D}.Ad-Hoc|iPhone.Deploy.0 = Release|Any CPU
		{C114F3F8-2634-417A-A725-6A22B7EFB20D}.Ad-Hoc|iPhoneSimulator.ActiveCfg = Release|Any CPU
		{C114F3F8-2634-417A-A725-6A22B7EFB20D}.Ad-Hoc|iPhoneSimulator.Build.0 = Release|Any CPU
		{C114F3F8-2634-417A-A725-6A22B7EFB20D}.Ad-Hoc|iPhoneSimulator.Deploy.0 = Release|Any CPU
		{C114F3F8-2634-417A-A725-6A22B7EFB20D}.Ad-Hoc|x64.ActiveCfg = Release|Any CPU
		{C114F3F8-2634-417A-A725-6A22B7EFB20D}.Ad-Hoc|x64.Build.0 = Release|Any CPU
		{C114F3F8-2634-417A-A725-6A22B7EFB20D}.Ad-Hoc|x64.Deploy.0 = Release|Any CPU
		{C114F3F8-2634-417A-A725-6A22B7EFB20D}.Ad-Hoc|x86.ActiveCfg = Release|Any CPU
		{C114F3F8-2634-417A-A725-6A22B7EFB20D}.Ad-Hoc|x86.Build.0 = Release|Any CPU
		{C114F3F8-2634-417A-A725-6A22B7EFB20D}.Ad-Hoc|x86.Deploy.0 = Release|Any CPU
		{C114F3F8-2634-417A-A725-6A22B7EFB20D}.AppStore|Any CPU.ActiveCfg = Release|Any CPU
		{C114F3F8-2634-417A-A725-6A22B7EFB20D}.AppStore|Any CPU.Build.0 = Release|Any CPU
		{C114F3F8-2634-417A-A725-6A22B7EFB20D}.AppStore|Any CPU.Deploy.0 = Release|Any CPU
		{C114F3F8-2634-417A-A725-6A22B7EFB20D}.AppStore|ARM.ActiveCfg = Release|Any CPU
		{C114F3F8-2634-417A-A725-6A22B7EFB20D}.AppStore|ARM.Build.0 = Release|Any CPU
		{C114F3F8-2634-417A-A725-6A22B7EFB20D}.AppStore|ARM.Deploy.0 = Release|Any CPU
		{C114F3F8-2634-417A-A725-6A22B7EFB20D}.AppStore|iPhone.ActiveCfg = Release|Any CPU
		{C114F3F8-2634-417A-A725-6A22B7EFB20D}.AppStore|iPhone.Build.0 = Release|Any CPU
		{C114F3F8-2634-417A-A725-6A22B7EFB20D}.AppStore|iPhone.Deploy.0 = Release|Any CPU
		{C114F3F8-2634-417A-A725-6A22B7EFB20D}.AppStore|iPhoneSimulator.ActiveCfg = Release|Any CPU
		{C114F3F8-2634-417A-A725-6A22B7EFB20D}.AppStore|iPhoneSimulator.Build.0 = Release|Any CPU
		{C114F3F8-2634-417A-A725-6A22B7EFB20D}.AppStore|iPhoneSimulator.Deploy.0 = Release|Any CPU
		{C114F3F8-2634-417A-A725-6A22B7EFB20D}.AppStore|x64.ActiveCfg = Release|Any CPU
		{C114F3F8-2634-417A-A725-6A22B7EFB20D}.AppStore|x64.Build.0 = Release|Any CPU
		{C114F3F8-2634-417A-A725-6A22B7EFB20D}.AppStore|x64.Deploy.0 = Release|Any CPU
		{C114F3F8-2634-417A-A725-6A22B7EFB20D}.AppStore|x86.ActiveCfg = Release|Any CPU
		{C114F3F8-2634-417A-A725-6A22B7EFB20D}.AppStore|x86.Build.0 = Release|Any CPU
		{C114F3F8-2634-417A-A725-6A22B7EFB20D}.AppStore|x86.Deploy.0 = Release|Any CPU
		{C114F3F8-2634-417A-A725-6A22B7EFB20D}.Debug|Any CPU.ActiveCfg = Debug|Any CPU
		{C114F3F8-2634-417A-A725-6A22B7EFB20D}.Debug|Any CPU.Build.0 = Debug|Any CPU
		{C114F3F8-2634-417A-A725-6A22B7EFB20D}.Debug|Any CPU.Deploy.0 = Debug|Any CPU
		{C114F3F8-2634-417A-A725-6A22B7EFB20D}.Debug|ARM.ActiveCfg = Debug|Any CPU
		{C114F3F8-2634-417A-A725-6A22B7EFB20D}.Debug|ARM.Build.0 = Debug|Any CPU
		{C114F3F8-2634-417A-A725-6A22B7EFB20D}.Debug|ARM.Deploy.0 = Debug|Any CPU
		{C114F3F8-2634-417A-A725-6A22B7EFB20D}.Debug|iPhone.ActiveCfg = Debug|Any CPU
		{C114F3F8-2634-417A-A725-6A22B7EFB20D}.Debug|iPhone.Build.0 = Debug|Any CPU
		{C114F3F8-2634-417A-A725-6A22B7EFB20D}.Debug|iPhone.Deploy.0 = Debug|Any CPU
		{C114F3F8-2634-417A-A725-6A22B7EFB20D}.Debug|iPhoneSimulator.ActiveCfg = Debug|Any CPU
		{C114F3F8-2634-417A-A725-6A22B7EFB20D}.Debug|iPhoneSimulator.Build.0 = Debug|Any CPU
		{C114F3F8-2634-417A-A725-6A22B7EFB20D}.Debug|iPhoneSimulator.Deploy.0 = Debug|Any CPU
		{C114F3F8-2634-417A-A725-6A22B7EFB20D}.Debug|x64.ActiveCfg = Debug|Any CPU
		{C114F3F8-2634-417A-A725-6A22B7EFB20D}.Debug|x64.Build.0 = Debug|Any CPU
		{C114F3F8-2634-417A-A725-6A22B7EFB20D}.Debug|x64.Deploy.0 = Debug|Any CPU
		{C114F3F8-2634-417A-A725-6A22B7EFB20D}.Debug|x86.ActiveCfg = Debug|Any CPU
		{C114F3F8-2634-417A-A725-6A22B7EFB20D}.Debug|x86.Build.0 = Debug|Any CPU
		{C114F3F8-2634-417A-A725-6A22B7EFB20D}.Debug|x86.Deploy.0 = Debug|Any CPU
		{C114F3F8-2634-417A-A725-6A22B7EFB20D}.Release|Any CPU.ActiveCfg = Release|Any CPU
		{C114F3F8-2634-417A-A725-6A22B7EFB20D}.Release|Any CPU.Build.0 = Release|Any CPU
		{C114F3F8-2634-417A-A725-6A22B7EFB20D}.Release|Any CPU.Deploy.0 = Release|Any CPU
		{C114F3F8-2634-417A-A725-6A22B7EFB20D}.Release|ARM.ActiveCfg = Release|Any CPU
		{C114F3F8-2634-417A-A725-6A22B7EFB20D}.Release|ARM.Build.0 = Release|Any CPU
		{C114F3F8-2634-417A-A725-6A22B7EFB20D}.Release|ARM.Deploy.0 = Release|Any CPU
		{C114F3F8-2634-417A-A725-6A22B7EFB20D}.Release|iPhone.ActiveCfg = Release|Any CPU
		{C114F3F8-2634-417A-A725-6A22B7EFB20D}.Release|iPhone.Build.0 = Release|Any CPU
		{C114F3F8-2634-417A-A725-6A22B7EFB20D}.Release|iPhone.Deploy.0 = Release|Any CPU
		{C114F3F8-2634-417A-A725-6A22B7EFB20D}.Release|iPhoneSimulator.ActiveCfg = Release|Any CPU
		{C114F3F8-2634-417A-A725-6A22B7EFB20D}.Release|iPhoneSimulator.Build.0 = Release|Any CPU
		{C114F3F8-2634-417A-A725-6A22B7EFB20D}.Release|iPhoneSimulator.Deploy.0 = Release|Any CPU
		{C114F3F8-2634-417A-A725-6A22B7EFB20D}.Release|x64.ActiveCfg = Release|Any CPU
		{C114F3F8-2634-417A-A725-6A22B7EFB20D}.Release|x64.Build.0 = Release|Any CPU
		{C114F3F8-2634-417A-A725-6A22B7EFB20D}.Release|x64.Deploy.0 = Release|Any CPU
		{C114F3F8-2634-417A-A725-6A22B7EFB20D}.Release|x86.ActiveCfg = Release|Any CPU
		{C114F3F8-2634-417A-A725-6A22B7EFB20D}.Release|x86.Build.0 = Release|Any CPU
		{C114F3F8-2634-417A-A725-6A22B7EFB20D}.Release|x86.Deploy.0 = Release|Any CPU
		{50B8ADD1-3396-4063-B102-20CAA71B8A48}.Ad-Hoc|Any CPU.ActiveCfg = Ad-Hoc|iPhone
		{50B8ADD1-3396-4063-B102-20CAA71B8A48}.Ad-Hoc|ARM.ActiveCfg = Ad-Hoc|iPhone
		{50B8ADD1-3396-4063-B102-20CAA71B8A48}.Ad-Hoc|iPhone.ActiveCfg = Ad-Hoc|iPhone
		{50B8ADD1-3396-4063-B102-20CAA71B8A48}.Ad-Hoc|iPhone.Build.0 = Ad-Hoc|iPhone
		{50B8ADD1-3396-4063-B102-20CAA71B8A48}.Ad-Hoc|iPhoneSimulator.ActiveCfg = Ad-Hoc|iPhoneSimulator
		{50B8ADD1-3396-4063-B102-20CAA71B8A48}.Ad-Hoc|iPhoneSimulator.Build.0 = Ad-Hoc|iPhoneSimulator
		{50B8ADD1-3396-4063-B102-20CAA71B8A48}.Ad-Hoc|x64.ActiveCfg = Ad-Hoc|iPhone
		{50B8ADD1-3396-4063-B102-20CAA71B8A48}.Ad-Hoc|x86.ActiveCfg = Ad-Hoc|iPhone
		{50B8ADD1-3396-4063-B102-20CAA71B8A48}.AppStore|Any CPU.ActiveCfg = AppStore|iPhone
		{50B8ADD1-3396-4063-B102-20CAA71B8A48}.AppStore|ARM.ActiveCfg = AppStore|iPhone
		{50B8ADD1-3396-4063-B102-20CAA71B8A48}.AppStore|iPhone.ActiveCfg = AppStore|iPhone
		{50B8ADD1-3396-4063-B102-20CAA71B8A48}.AppStore|iPhone.Build.0 = AppStore|iPhone
		{50B8ADD1-3396-4063-B102-20CAA71B8A48}.AppStore|iPhoneSimulator.ActiveCfg = AppStore|iPhoneSimulator
		{50B8ADD1-3396-4063-B102-20CAA71B8A48}.AppStore|iPhoneSimulator.Build.0 = AppStore|iPhoneSimulator
		{50B8ADD1-3396-4063-B102-20CAA71B8A48}.AppStore|x64.ActiveCfg = AppStore|iPhone
		{50B8ADD1-3396-4063-B102-20CAA71B8A48}.AppStore|x86.ActiveCfg = AppStore|iPhone
		{50B8ADD1-3396-4063-B102-20CAA71B8A48}.Debug|Any CPU.ActiveCfg = Debug|iPhone
		{50B8ADD1-3396-4063-B102-20CAA71B8A48}.Debug|Any CPU.Build.0 = Debug|iPhone
		{50B8ADD1-3396-4063-B102-20CAA71B8A48}.Debug|ARM.ActiveCfg = Debug|iPhone
		{50B8ADD1-3396-4063-B102-20CAA71B8A48}.Debug|iPhone.ActiveCfg = Debug|iPhone
		{50B8ADD1-3396-4063-B102-20CAA71B8A48}.Debug|iPhone.Build.0 = Debug|iPhone
		{50B8ADD1-3396-4063-B102-20CAA71B8A48}.Debug|iPhoneSimulator.ActiveCfg = Debug|iPhoneSimulator
		{50B8ADD1-3396-4063-B102-20CAA71B8A48}.Debug|iPhoneSimulator.Build.0 = Debug|iPhoneSimulator
		{50B8ADD1-3396-4063-B102-20CAA71B8A48}.Debug|x64.ActiveCfg = Debug|iPhone
		{50B8ADD1-3396-4063-B102-20CAA71B8A48}.Debug|x86.ActiveCfg = Debug|iPhone
		{50B8ADD1-3396-4063-B102-20CAA71B8A48}.Release|Any CPU.ActiveCfg = Release|iPhone
		{50B8ADD1-3396-4063-B102-20CAA71B8A48}.Release|ARM.ActiveCfg = Release|iPhone
		{50B8ADD1-3396-4063-B102-20CAA71B8A48}.Release|iPhone.ActiveCfg = Release|iPhone
		{50B8ADD1-3396-4063-B102-20CAA71B8A48}.Release|iPhone.Build.0 = Release|iPhone
		{50B8ADD1-3396-4063-B102-20CAA71B8A48}.Release|iPhoneSimulator.ActiveCfg = Release|iPhoneSimulator
		{50B8ADD1-3396-4063-B102-20CAA71B8A48}.Release|iPhoneSimulator.Build.0 = Release|iPhoneSimulator
		{50B8ADD1-3396-4063-B102-20CAA71B8A48}.Release|x64.ActiveCfg = Release|iPhone
		{50B8ADD1-3396-4063-B102-20CAA71B8A48}.Release|x86.ActiveCfg = Release|iPhone
		{8F9DDBFA-5008-4E33-AA2A-7237ABE8BF92}.Ad-Hoc|Any CPU.ActiveCfg = Release|Any CPU
		{8F9DDBFA-5008-4E33-AA2A-7237ABE8BF92}.Ad-Hoc|Any CPU.Build.0 = Release|Any CPU
		{8F9DDBFA-5008-4E33-AA2A-7237ABE8BF92}.Ad-Hoc|Any CPU.Deploy.0 = Release|Any CPU
		{8F9DDBFA-5008-4E33-AA2A-7237ABE8BF92}.Ad-Hoc|ARM.ActiveCfg = Release|ARM
		{8F9DDBFA-5008-4E33-AA2A-7237ABE8BF92}.Ad-Hoc|ARM.Build.0 = Release|ARM
		{8F9DDBFA-5008-4E33-AA2A-7237ABE8BF92}.Ad-Hoc|ARM.Deploy.0 = Release|ARM
		{8F9DDBFA-5008-4E33-AA2A-7237ABE8BF92}.Ad-Hoc|iPhone.ActiveCfg = Release|Any CPU
		{8F9DDBFA-5008-4E33-AA2A-7237ABE8BF92}.Ad-Hoc|iPhone.Build.0 = Release|Any CPU
		{8F9DDBFA-5008-4E33-AA2A-7237ABE8BF92}.Ad-Hoc|iPhone.Deploy.0 = Release|Any CPU
		{8F9DDBFA-5008-4E33-AA2A-7237ABE8BF92}.Ad-Hoc|iPhoneSimulator.ActiveCfg = Release|Any CPU
		{8F9DDBFA-5008-4E33-AA2A-7237ABE8BF92}.Ad-Hoc|iPhoneSimulator.Build.0 = Release|Any CPU
		{8F9DDBFA-5008-4E33-AA2A-7237ABE8BF92}.Ad-Hoc|iPhoneSimulator.Deploy.0 = Release|Any CPU
		{8F9DDBFA-5008-4E33-AA2A-7237ABE8BF92}.Ad-Hoc|x64.ActiveCfg = Release|Any CPU
		{8F9DDBFA-5008-4E33-AA2A-7237ABE8BF92}.Ad-Hoc|x64.Build.0 = Release|Any CPU
		{8F9DDBFA-5008-4E33-AA2A-7237ABE8BF92}.Ad-Hoc|x64.Deploy.0 = Release|Any CPU
		{8F9DDBFA-5008-4E33-AA2A-7237ABE8BF92}.Ad-Hoc|x86.ActiveCfg = Release|x86
		{8F9DDBFA-5008-4E33-AA2A-7237ABE8BF92}.Ad-Hoc|x86.Build.0 = Release|x86
		{8F9DDBFA-5008-4E33-AA2A-7237ABE8BF92}.Ad-Hoc|x86.Deploy.0 = Release|x86
		{8F9DDBFA-5008-4E33-AA2A-7237ABE8BF92}.AppStore|Any CPU.ActiveCfg = Release|Any CPU
		{8F9DDBFA-5008-4E33-AA2A-7237ABE8BF92}.AppStore|Any CPU.Build.0 = Release|Any CPU
		{8F9DDBFA-5008-4E33-AA2A-7237ABE8BF92}.AppStore|Any CPU.Deploy.0 = Release|Any CPU
		{8F9DDBFA-5008-4E33-AA2A-7237ABE8BF92}.AppStore|ARM.ActiveCfg = Release|ARM
		{8F9DDBFA-5008-4E33-AA2A-7237ABE8BF92}.AppStore|ARM.Build.0 = Release|ARM
		{8F9DDBFA-5008-4E33-AA2A-7237ABE8BF92}.AppStore|ARM.Deploy.0 = Release|ARM
		{8F9DDBFA-5008-4E33-AA2A-7237ABE8BF92}.AppStore|iPhone.ActiveCfg = Release|Any CPU
		{8F9DDBFA-5008-4E33-AA2A-7237ABE8BF92}.AppStore|iPhone.Build.0 = Release|Any CPU
		{8F9DDBFA-5008-4E33-AA2A-7237ABE8BF92}.AppStore|iPhone.Deploy.0 = Release|Any CPU
		{8F9DDBFA-5008-4E33-AA2A-7237ABE8BF92}.AppStore|iPhoneSimulator.ActiveCfg = Release|Any CPU
		{8F9DDBFA-5008-4E33-AA2A-7237ABE8BF92}.AppStore|iPhoneSimulator.Build.0 = Release|Any CPU
		{8F9DDBFA-5008-4E33-AA2A-7237ABE8BF92}.AppStore|iPhoneSimulator.Deploy.0 = Release|Any CPU
		{8F9DDBFA-5008-4E33-AA2A-7237ABE8BF92}.AppStore|x64.ActiveCfg = Release|Any CPU
		{8F9DDBFA-5008-4E33-AA2A-7237ABE8BF92}.AppStore|x64.Build.0 = Release|Any CPU
		{8F9DDBFA-5008-4E33-AA2A-7237ABE8BF92}.AppStore|x64.Deploy.0 = Release|Any CPU
		{8F9DDBFA-5008-4E33-AA2A-7237ABE8BF92}.AppStore|x86.ActiveCfg = Release|x86
		{8F9DDBFA-5008-4E33-AA2A-7237ABE8BF92}.AppStore|x86.Build.0 = Release|x86
		{8F9DDBFA-5008-4E33-AA2A-7237ABE8BF92}.AppStore|x86.Deploy.0 = Release|x86
		{8F9DDBFA-5008-4E33-AA2A-7237ABE8BF92}.Debug|Any CPU.ActiveCfg = Debug|Any CPU
		{8F9DDBFA-5008-4E33-AA2A-7237ABE8BF92}.Debug|Any CPU.Build.0 = Debug|Any CPU
		{8F9DDBFA-5008-4E33-AA2A-7237ABE8BF92}.Debug|Any CPU.Deploy.0 = Debug|Any CPU
		{8F9DDBFA-5008-4E33-AA2A-7237ABE8BF92}.Debug|ARM.ActiveCfg = Debug|ARM
		{8F9DDBFA-5008-4E33-AA2A-7237ABE8BF92}.Debug|ARM.Build.0 = Debug|ARM
		{8F9DDBFA-5008-4E33-AA2A-7237ABE8BF92}.Debug|ARM.Deploy.0 = Debug|ARM
		{8F9DDBFA-5008-4E33-AA2A-7237ABE8BF92}.Debug|iPhone.ActiveCfg = Debug|Any CPU
		{8F9DDBFA-5008-4E33-AA2A-7237ABE8BF92}.Debug|iPhone.Build.0 = Debug|Any CPU
		{8F9DDBFA-5008-4E33-AA2A-7237ABE8BF92}.Debug|iPhone.Deploy.0 = Debug|Any CPU
		{8F9DDBFA-5008-4E33-AA2A-7237ABE8BF92}.Debug|iPhoneSimulator.ActiveCfg = Debug|Any CPU
		{8F9DDBFA-5008-4E33-AA2A-7237ABE8BF92}.Debug|iPhoneSimulator.Build.0 = Debug|Any CPU
		{8F9DDBFA-5008-4E33-AA2A-7237ABE8BF92}.Debug|iPhoneSimulator.Deploy.0 = Debug|Any CPU
		{8F9DDBFA-5008-4E33-AA2A-7237ABE8BF92}.Debug|x64.ActiveCfg = Debug|Any CPU
		{8F9DDBFA-5008-4E33-AA2A-7237ABE8BF92}.Debug|x64.Build.0 = Debug|Any CPU
		{8F9DDBFA-5008-4E33-AA2A-7237ABE8BF92}.Debug|x64.Deploy.0 = Debug|Any CPU
		{8F9DDBFA-5008-4E33-AA2A-7237ABE8BF92}.Debug|x86.ActiveCfg = Debug|x86
		{8F9DDBFA-5008-4E33-AA2A-7237ABE8BF92}.Debug|x86.Build.0 = Debug|x86
		{8F9DDBFA-5008-4E33-AA2A-7237ABE8BF92}.Debug|x86.Deploy.0 = Debug|x86
		{8F9DDBFA-5008-4E33-AA2A-7237ABE8BF92}.Release|Any CPU.ActiveCfg = Release|Any CPU
		{8F9DDBFA-5008-4E33-AA2A-7237ABE8BF92}.Release|Any CPU.Build.0 = Release|Any CPU
		{8F9DDBFA-5008-4E33-AA2A-7237ABE8BF92}.Release|Any CPU.Deploy.0 = Release|Any CPU
		{8F9DDBFA-5008-4E33-AA2A-7237ABE8BF92}.Release|ARM.ActiveCfg = Release|ARM
		{8F9DDBFA-5008-4E33-AA2A-7237ABE8BF92}.Release|ARM.Build.0 = Release|ARM
		{8F9DDBFA-5008-4E33-AA2A-7237ABE8BF92}.Release|ARM.Deploy.0 = Release|ARM
		{8F9DDBFA-5008-4E33-AA2A-7237ABE8BF92}.Release|iPhone.ActiveCfg = Release|Any CPU
		{8F9DDBFA-5008-4E33-AA2A-7237ABE8BF92}.Release|iPhone.Build.0 = Release|Any CPU
		{8F9DDBFA-5008-4E33-AA2A-7237ABE8BF92}.Release|iPhone.Deploy.0 = Release|Any CPU
		{8F9DDBFA-5008-4E33-AA2A-7237ABE8BF92}.Release|iPhoneSimulator.ActiveCfg = Release|Any CPU
		{8F9DDBFA-5008-4E33-AA2A-7237ABE8BF92}.Release|iPhoneSimulator.Build.0 = Release|Any CPU
		{8F9DDBFA-5008-4E33-AA2A-7237ABE8BF92}.Release|iPhoneSimulator.Deploy.0 = Release|Any CPU
		{8F9DDBFA-5008-4E33-AA2A-7237ABE8BF92}.Release|x64.ActiveCfg = Release|Any CPU
		{8F9DDBFA-5008-4E33-AA2A-7237ABE8BF92}.Release|x64.Build.0 = Release|Any CPU
		{8F9DDBFA-5008-4E33-AA2A-7237ABE8BF92}.Release|x64.Deploy.0 = Release|Any CPU
		{8F9DDBFA-5008-4E33-AA2A-7237ABE8BF92}.Release|x86.ActiveCfg = Release|x86
		{8F9DDBFA-5008-4E33-AA2A-7237ABE8BF92}.Release|x86.Build.0 = Release|x86
		{8F9DDBFA-5008-4E33-AA2A-7237ABE8BF92}.Release|x86.Deploy.0 = Release|x86
		{28D4FDEB-9B7A-4BBC-93E9-1B9092EAE6B0}.Ad-Hoc|Any CPU.ActiveCfg = Release|x86
		{28D4FDEB-9B7A-4BBC-93E9-1B9092EAE6B0}.Ad-Hoc|Any CPU.Build.0 = Release|x86
		{28D4FDEB-9B7A-4BBC-93E9-1B9092EAE6B0}.Ad-Hoc|Any CPU.Deploy.0 = Release|x86
		{28D4FDEB-9B7A-4BBC-93E9-1B9092EAE6B0}.Ad-Hoc|ARM.ActiveCfg = Release|ARM
		{28D4FDEB-9B7A-4BBC-93E9-1B9092EAE6B0}.Ad-Hoc|ARM.Build.0 = Release|ARM
		{28D4FDEB-9B7A-4BBC-93E9-1B9092EAE6B0}.Ad-Hoc|ARM.Deploy.0 = Release|ARM
		{28D4FDEB-9B7A-4BBC-93E9-1B9092EAE6B0}.Ad-Hoc|iPhone.ActiveCfg = Release|x86
		{28D4FDEB-9B7A-4BBC-93E9-1B9092EAE6B0}.Ad-Hoc|iPhone.Build.0 = Release|x86
		{28D4FDEB-9B7A-4BBC-93E9-1B9092EAE6B0}.Ad-Hoc|iPhone.Deploy.0 = Release|x86
		{28D4FDEB-9B7A-4BBC-93E9-1B9092EAE6B0}.Ad-Hoc|iPhoneSimulator.ActiveCfg = Release|x86
		{28D4FDEB-9B7A-4BBC-93E9-1B9092EAE6B0}.Ad-Hoc|iPhoneSimulator.Build.0 = Release|x86
		{28D4FDEB-9B7A-4BBC-93E9-1B9092EAE6B0}.Ad-Hoc|iPhoneSimulator.Deploy.0 = Release|x86
		{28D4FDEB-9B7A-4BBC-93E9-1B9092EAE6B0}.Ad-Hoc|x64.ActiveCfg = Release|x64
		{28D4FDEB-9B7A-4BBC-93E9-1B9092EAE6B0}.Ad-Hoc|x64.Build.0 = Release|x64
		{28D4FDEB-9B7A-4BBC-93E9-1B9092EAE6B0}.Ad-Hoc|x64.Deploy.0 = Release|x64
		{28D4FDEB-9B7A-4BBC-93E9-1B9092EAE6B0}.Ad-Hoc|x86.ActiveCfg = Release|x86
		{28D4FDEB-9B7A-4BBC-93E9-1B9092EAE6B0}.Ad-Hoc|x86.Build.0 = Release|x86
		{28D4FDEB-9B7A-4BBC-93E9-1B9092EAE6B0}.Ad-Hoc|x86.Deploy.0 = Release|x86
		{28D4FDEB-9B7A-4BBC-93E9-1B9092EAE6B0}.AppStore|Any CPU.ActiveCfg = Release|x86
		{28D4FDEB-9B7A-4BBC-93E9-1B9092EAE6B0}.AppStore|Any CPU.Build.0 = Release|x86
		{28D4FDEB-9B7A-4BBC-93E9-1B9092EAE6B0}.AppStore|Any CPU.Deploy.0 = Release|x86
		{28D4FDEB-9B7A-4BBC-93E9-1B9092EAE6B0}.AppStore|ARM.ActiveCfg = Release|ARM
		{28D4FDEB-9B7A-4BBC-93E9-1B9092EAE6B0}.AppStore|ARM.Build.0 = Release|ARM
		{28D4FDEB-9B7A-4BBC-93E9-1B9092EAE6B0}.AppStore|ARM.Deploy.0 = Release|ARM
		{28D4FDEB-9B7A-4BBC-93E9-1B9092EAE6B0}.AppStore|iPhone.ActiveCfg = Release|x86
		{28D4FDEB-9B7A-4BBC-93E9-1B9092EAE6B0}.AppStore|iPhone.Build.0 = Release|x86
		{28D4FDEB-9B7A-4BBC-93E9-1B9092EAE6B0}.AppStore|iPhone.Deploy.0 = Release|x86
		{28D4FDEB-9B7A-4BBC-93E9-1B9092EAE6B0}.AppStore|iPhoneSimulator.ActiveCfg = Release|x86
		{28D4FDEB-9B7A-4BBC-93E9-1B9092EAE6B0}.AppStore|iPhoneSimulator.Build.0 = Release|x86
		{28D4FDEB-9B7A-4BBC-93E9-1B9092EAE6B0}.AppStore|iPhoneSimulator.Deploy.0 = Release|x86
		{28D4FDEB-9B7A-4BBC-93E9-1B9092EAE6B0}.AppStore|x64.ActiveCfg = Release|x64
		{28D4FDEB-9B7A-4BBC-93E9-1B9092EAE6B0}.AppStore|x64.Build.0 = Release|x64
		{28D4FDEB-9B7A-4BBC-93E9-1B9092EAE6B0}.AppStore|x64.Deploy.0 = Release|x64
		{28D4FDEB-9B7A-4BBC-93E9-1B9092EAE6B0}.AppStore|x86.ActiveCfg = Release|x86
		{28D4FDEB-9B7A-4BBC-93E9-1B9092EAE6B0}.AppStore|x86.Build.0 = Release|x86
		{28D4FDEB-9B7A-4BBC-93E9-1B9092EAE6B0}.AppStore|x86.Deploy.0 = Release|x86
		{28D4FDEB-9B7A-4BBC-93E9-1B9092EAE6B0}.Debug|Any CPU.ActiveCfg = Debug|x86
		{28D4FDEB-9B7A-4BBC-93E9-1B9092EAE6B0}.Debug|Any CPU.Build.0 = Debug|x86
		{28D4FDEB-9B7A-4BBC-93E9-1B9092EAE6B0}.Debug|Any CPU.Deploy.0 = Debug|x86
		{28D4FDEB-9B7A-4BBC-93E9-1B9092EAE6B0}.Debug|ARM.ActiveCfg = Debug|ARM
		{28D4FDEB-9B7A-4BBC-93E9-1B9092EAE6B0}.Debug|ARM.Build.0 = Debug|ARM
		{28D4FDEB-9B7A-4BBC-93E9-1B9092EAE6B0}.Debug|ARM.Deploy.0 = Debug|ARM
		{28D4FDEB-9B7A-4BBC-93E9-1B9092EAE6B0}.Debug|iPhone.ActiveCfg = Debug|x86
		{28D4FDEB-9B7A-4BBC-93E9-1B9092EAE6B0}.Debug|iPhoneSimulator.ActiveCfg = Debug|x86
		{28D4FDEB-9B7A-4BBC-93E9-1B9092EAE6B0}.Debug|x64.ActiveCfg = Debug|x64
		{28D4FDEB-9B7A-4BBC-93E9-1B9092EAE6B0}.Debug|x64.Build.0 = Debug|x64
		{28D4FDEB-9B7A-4BBC-93E9-1B9092EAE6B0}.Debug|x64.Deploy.0 = Debug|x64
		{28D4FDEB-9B7A-4BBC-93E9-1B9092EAE6B0}.Debug|x86.ActiveCfg = Debug|x86
		{28D4FDEB-9B7A-4BBC-93E9-1B9092EAE6B0}.Debug|x86.Build.0 = Debug|x86
		{28D4FDEB-9B7A-4BBC-93E9-1B9092EAE6B0}.Debug|x86.Deploy.0 = Debug|x86
		{28D4FDEB-9B7A-4BBC-93E9-1B9092EAE6B0}.Release|Any CPU.ActiveCfg = Release|x86
		{28D4FDEB-9B7A-4BBC-93E9-1B9092EAE6B0}.Release|ARM.ActiveCfg = Release|ARM
		{28D4FDEB-9B7A-4BBC-93E9-1B9092EAE6B0}.Release|ARM.Build.0 = Release|ARM
		{28D4FDEB-9B7A-4BBC-93E9-1B9092EAE6B0}.Release|ARM.Deploy.0 = Release|ARM
		{28D4FDEB-9B7A-4BBC-93E9-1B9092EAE6B0}.Release|iPhone.ActiveCfg = Release|x86
		{28D4FDEB-9B7A-4BBC-93E9-1B9092EAE6B0}.Release|iPhoneSimulator.ActiveCfg = Release|x86
		{28D4FDEB-9B7A-4BBC-93E9-1B9092EAE6B0}.Release|x64.ActiveCfg = Release|x64
		{28D4FDEB-9B7A-4BBC-93E9-1B9092EAE6B0}.Release|x64.Build.0 = Release|x64
		{28D4FDEB-9B7A-4BBC-93E9-1B9092EAE6B0}.Release|x64.Deploy.0 = Release|x64
		{28D4FDEB-9B7A-4BBC-93E9-1B9092EAE6B0}.Release|x86.ActiveCfg = Release|x86
		{28D4FDEB-9B7A-4BBC-93E9-1B9092EAE6B0}.Release|x86.Build.0 = Release|x86
		{28D4FDEB-9B7A-4BBC-93E9-1B9092EAE6B0}.Release|x86.Deploy.0 = Release|x86
		{4971CFB1-BB27-4127-B66B-EAB0D49CBCA4}.Ad-Hoc|Any CPU.ActiveCfg = Release|Any CPU
		{4971CFB1-BB27-4127-B66B-EAB0D49CBCA4}.Ad-Hoc|Any CPU.Build.0 = Release|Any CPU
		{4971CFB1-BB27-4127-B66B-EAB0D49CBCA4}.Ad-Hoc|Any CPU.Deploy.0 = Release|Any CPU
		{4971CFB1-BB27-4127-B66B-EAB0D49CBCA4}.Ad-Hoc|ARM.ActiveCfg = Release|ARM
		{4971CFB1-BB27-4127-B66B-EAB0D49CBCA4}.Ad-Hoc|ARM.Build.0 = Release|ARM
		{4971CFB1-BB27-4127-B66B-EAB0D49CBCA4}.Ad-Hoc|ARM.Deploy.0 = Release|ARM
		{4971CFB1-BB27-4127-B66B-EAB0D49CBCA4}.Ad-Hoc|iPhone.ActiveCfg = Release|Any CPU
		{4971CFB1-BB27-4127-B66B-EAB0D49CBCA4}.Ad-Hoc|iPhone.Build.0 = Release|Any CPU
		{4971CFB1-BB27-4127-B66B-EAB0D49CBCA4}.Ad-Hoc|iPhone.Deploy.0 = Release|Any CPU
		{4971CFB1-BB27-4127-B66B-EAB0D49CBCA4}.Ad-Hoc|iPhoneSimulator.ActiveCfg = Release|Any CPU
		{4971CFB1-BB27-4127-B66B-EAB0D49CBCA4}.Ad-Hoc|iPhoneSimulator.Build.0 = Release|Any CPU
		{4971CFB1-BB27-4127-B66B-EAB0D49CBCA4}.Ad-Hoc|iPhoneSimulator.Deploy.0 = Release|Any CPU
		{4971CFB1-BB27-4127-B66B-EAB0D49CBCA4}.Ad-Hoc|x64.ActiveCfg = Release|x64
		{4971CFB1-BB27-4127-B66B-EAB0D49CBCA4}.Ad-Hoc|x64.Build.0 = Release|x64
		{4971CFB1-BB27-4127-B66B-EAB0D49CBCA4}.Ad-Hoc|x64.Deploy.0 = Release|x64
		{4971CFB1-BB27-4127-B66B-EAB0D49CBCA4}.Ad-Hoc|x86.ActiveCfg = Release|x86
		{4971CFB1-BB27-4127-B66B-EAB0D49CBCA4}.Ad-Hoc|x86.Build.0 = Release|x86
		{4971CFB1-BB27-4127-B66B-EAB0D49CBCA4}.Ad-Hoc|x86.Deploy.0 = Release|x86
		{4971CFB1-BB27-4127-B66B-EAB0D49CBCA4}.AppStore|Any CPU.ActiveCfg = Release|Any CPU
		{4971CFB1-BB27-4127-B66B-EAB0D49CBCA4}.AppStore|Any CPU.Build.0 = Release|Any CPU
		{4971CFB1-BB27-4127-B66B-EAB0D49CBCA4}.AppStore|Any CPU.Deploy.0 = Release|Any CPU
		{4971CFB1-BB27-4127-B66B-EAB0D49CBCA4}.AppStore|ARM.ActiveCfg = Release|ARM
		{4971CFB1-BB27-4127-B66B-EAB0D49CBCA4}.AppStore|ARM.Build.0 = Release|ARM
		{4971CFB1-BB27-4127-B66B-EAB0D49CBCA4}.AppStore|ARM.Deploy.0 = Release|ARM
		{4971CFB1-BB27-4127-B66B-EAB0D49CBCA4}.AppStore|iPhone.ActiveCfg = Release|Any CPU
		{4971CFB1-BB27-4127-B66B-EAB0D49CBCA4}.AppStore|iPhone.Build.0 = Release|Any CPU
		{4971CFB1-BB27-4127-B66B-EAB0D49CBCA4}.AppStore|iPhone.Deploy.0 = Release|Any CPU
		{4971CFB1-BB27-4127-B66B-EAB0D49CBCA4}.AppStore|iPhoneSimulator.ActiveCfg = Release|Any CPU
		{4971CFB1-BB27-4127-B66B-EAB0D49CBCA4}.AppStore|iPhoneSimulator.Build.0 = Release|Any CPU
		{4971CFB1-BB27-4127-B66B-EAB0D49CBCA4}.AppStore|iPhoneSimulator.Deploy.0 = Release|Any CPU
		{4971CFB1-BB27-4127-B66B-EAB0D49CBCA4}.AppStore|x64.ActiveCfg = Release|x64
		{4971CFB1-BB27-4127-B66B-EAB0D49CBCA4}.AppStore|x64.Build.0 = Release|x64
		{4971CFB1-BB27-4127-B66B-EAB0D49CBCA4}.AppStore|x64.Deploy.0 = Release|x64
		{4971CFB1-BB27-4127-B66B-EAB0D49CBCA4}.AppStore|x86.ActiveCfg = Release|x86
		{4971CFB1-BB27-4127-B66B-EAB0D49CBCA4}.AppStore|x86.Build.0 = Release|x86
		{4971CFB1-BB27-4127-B66B-EAB0D49CBCA4}.AppStore|x86.Deploy.0 = Release|x86
		{4971CFB1-BB27-4127-B66B-EAB0D49CBCA4}.Debug|Any CPU.ActiveCfg = Debug|Any CPU
		{4971CFB1-BB27-4127-B66B-EAB0D49CBCA4}.Debug|Any CPU.Build.0 = Debug|Any CPU
		{4971CFB1-BB27-4127-B66B-EAB0D49CBCA4}.Debug|Any CPU.Deploy.0 = Debug|Any CPU
		{4971CFB1-BB27-4127-B66B-EAB0D49CBCA4}.Debug|ARM.ActiveCfg = Debug|ARM
		{4971CFB1-BB27-4127-B66B-EAB0D49CBCA4}.Debug|ARM.Build.0 = Debug|ARM
		{4971CFB1-BB27-4127-B66B-EAB0D49CBCA4}.Debug|ARM.Deploy.0 = Debug|ARM
		{4971CFB1-BB27-4127-B66B-EAB0D49CBCA4}.Debug|iPhone.ActiveCfg = Debug|Any CPU
		{4971CFB1-BB27-4127-B66B-EAB0D49CBCA4}.Debug|iPhone.Build.0 = Debug|Any CPU
		{4971CFB1-BB27-4127-B66B-EAB0D49CBCA4}.Debug|iPhone.Deploy.0 = Debug|Any CPU
		{4971CFB1-BB27-4127-B66B-EAB0D49CBCA4}.Debug|iPhoneSimulator.ActiveCfg = Debug|Any CPU
		{4971CFB1-BB27-4127-B66B-EAB0D49CBCA4}.Debug|iPhoneSimulator.Build.0 = Debug|Any CPU
		{4971CFB1-BB27-4127-B66B-EAB0D49CBCA4}.Debug|iPhoneSimulator.Deploy.0 = Debug|Any CPU
		{4971CFB1-BB27-4127-B66B-EAB0D49CBCA4}.Debug|x64.ActiveCfg = Debug|x64
		{4971CFB1-BB27-4127-B66B-EAB0D49CBCA4}.Debug|x64.Build.0 = Debug|x64
		{4971CFB1-BB27-4127-B66B-EAB0D49CBCA4}.Debug|x64.Deploy.0 = Debug|x64
		{4971CFB1-BB27-4127-B66B-EAB0D49CBCA4}.Debug|x86.ActiveCfg = Debug|x86
		{4971CFB1-BB27-4127-B66B-EAB0D49CBCA4}.Debug|x86.Build.0 = Debug|x86
		{4971CFB1-BB27-4127-B66B-EAB0D49CBCA4}.Debug|x86.Deploy.0 = Debug|x86
		{4971CFB1-BB27-4127-B66B-EAB0D49CBCA4}.Release|Any CPU.ActiveCfg = Release|Any CPU
		{4971CFB1-BB27-4127-B66B-EAB0D49CBCA4}.Release|Any CPU.Build.0 = Release|Any CPU
		{4971CFB1-BB27-4127-B66B-EAB0D49CBCA4}.Release|Any CPU.Deploy.0 = Release|Any CPU
		{4971CFB1-BB27-4127-B66B-EAB0D49CBCA4}.Release|ARM.ActiveCfg = Release|ARM
		{4971CFB1-BB27-4127-B66B-EAB0D49CBCA4}.Release|ARM.Build.0 = Release|ARM
		{4971CFB1-BB27-4127-B66B-EAB0D49CBCA4}.Release|ARM.Deploy.0 = Release|ARM
		{4971CFB1-BB27-4127-B66B-EAB0D49CBCA4}.Release|iPhone.ActiveCfg = Release|Any CPU
		{4971CFB1-BB27-4127-B66B-EAB0D49CBCA4}.Release|iPhone.Build.0 = Release|Any CPU
		{4971CFB1-BB27-4127-B66B-EAB0D49CBCA4}.Release|iPhone.Deploy.0 = Release|Any CPU
		{4971CFB1-BB27-4127-B66B-EAB0D49CBCA4}.Release|iPhoneSimulator.ActiveCfg = Release|Any CPU
		{4971CFB1-BB27-4127-B66B-EAB0D49CBCA4}.Release|iPhoneSimulator.Build.0 = Release|Any CPU
		{4971CFB1-BB27-4127-B66B-EAB0D49CBCA4}.Release|iPhoneSimulator.Deploy.0 = Release|Any CPU
		{4971CFB1-BB27-4127-B66B-EAB0D49CBCA4}.Release|x64.ActiveCfg = Release|x64
		{4971CFB1-BB27-4127-B66B-EAB0D49CBCA4}.Release|x64.Build.0 = Release|x64
		{4971CFB1-BB27-4127-B66B-EAB0D49CBCA4}.Release|x64.Deploy.0 = Release|x64
		{4971CFB1-BB27-4127-B66B-EAB0D49CBCA4}.Release|x86.ActiveCfg = Release|x86
		{4971CFB1-BB27-4127-B66B-EAB0D49CBCA4}.Release|x86.Build.0 = Release|x86
		{4971CFB1-BB27-4127-B66B-EAB0D49CBCA4}.Release|x86.Deploy.0 = Release|x86
		{8E51E0AA-1610-4D3C-A0D7-65D58FD9E476}.Ad-Hoc|Any CPU.ActiveCfg = Release|Any CPU
		{8E51E0AA-1610-4D3C-A0D7-65D58FD9E476}.Ad-Hoc|Any CPU.Build.0 = Release|Any CPU
		{8E51E0AA-1610-4D3C-A0D7-65D58FD9E476}.Ad-Hoc|ARM.ActiveCfg = Release|Any CPU
		{8E51E0AA-1610-4D3C-A0D7-65D58FD9E476}.Ad-Hoc|ARM.Build.0 = Release|Any CPU
		{8E51E0AA-1610-4D3C-A0D7-65D58FD9E476}.Ad-Hoc|iPhone.ActiveCfg = Release|Any CPU
		{8E51E0AA-1610-4D3C-A0D7-65D58FD9E476}.Ad-Hoc|iPhone.Build.0 = Release|Any CPU
		{8E51E0AA-1610-4D3C-A0D7-65D58FD9E476}.Ad-Hoc|iPhoneSimulator.ActiveCfg = Release|Any CPU
		{8E51E0AA-1610-4D3C-A0D7-65D58FD9E476}.Ad-Hoc|iPhoneSimulator.Build.0 = Release|Any CPU
		{8E51E0AA-1610-4D3C-A0D7-65D58FD9E476}.Ad-Hoc|x64.ActiveCfg = Release|Any CPU
		{8E51E0AA-1610-4D3C-A0D7-65D58FD9E476}.Ad-Hoc|x64.Build.0 = Release|Any CPU
		{8E51E0AA-1610-4D3C-A0D7-65D58FD9E476}.Ad-Hoc|x86.ActiveCfg = Release|Any CPU
		{8E51E0AA-1610-4D3C-A0D7-65D58FD9E476}.Ad-Hoc|x86.Build.0 = Release|Any CPU
		{8E51E0AA-1610-4D3C-A0D7-65D58FD9E476}.AppStore|Any CPU.ActiveCfg = Release|Any CPU
		{8E51E0AA-1610-4D3C-A0D7-65D58FD9E476}.AppStore|Any CPU.Build.0 = Release|Any CPU
		{8E51E0AA-1610-4D3C-A0D7-65D58FD9E476}.AppStore|ARM.ActiveCfg = Release|Any CPU
		{8E51E0AA-1610-4D3C-A0D7-65D58FD9E476}.AppStore|ARM.Build.0 = Release|Any CPU
		{8E51E0AA-1610-4D3C-A0D7-65D58FD9E476}.AppStore|iPhone.ActiveCfg = Release|Any CPU
		{8E51E0AA-1610-4D3C-A0D7-65D58FD9E476}.AppStore|iPhone.Build.0 = Release|Any CPU
		{8E51E0AA-1610-4D3C-A0D7-65D58FD9E476}.AppStore|iPhoneSimulator.ActiveCfg = Release|Any CPU
		{8E51E0AA-1610-4D3C-A0D7-65D58FD9E476}.AppStore|iPhoneSimulator.Build.0 = Release|Any CPU
		{8E51E0AA-1610-4D3C-A0D7-65D58FD9E476}.AppStore|x64.ActiveCfg = Release|Any CPU
		{8E51E0AA-1610-4D3C-A0D7-65D58FD9E476}.AppStore|x64.Build.0 = Release|Any CPU
		{8E51E0AA-1610-4D3C-A0D7-65D58FD9E476}.AppStore|x86.ActiveCfg = Release|Any CPU
		{8E51E0AA-1610-4D3C-A0D7-65D58FD9E476}.AppStore|x86.Build.0 = Release|Any CPU
		{8E51E0AA-1610-4D3C-A0D7-65D58FD9E476}.Debug|Any CPU.ActiveCfg = Debug|Any CPU
		{8E51E0AA-1610-4D3C-A0D7-65D58FD9E476}.Debug|Any CPU.Build.0 = Debug|Any CPU
		{8E51E0AA-1610-4D3C-A0D7-65D58FD9E476}.Debug|ARM.ActiveCfg = Debug|Any CPU
		{8E51E0AA-1610-4D3C-A0D7-65D58FD9E476}.Debug|ARM.Build.0 = Debug|Any CPU
		{8E51E0AA-1610-4D3C-A0D7-65D58FD9E476}.Debug|iPhone.ActiveCfg = Debug|Any CPU
		{8E51E0AA-1610-4D3C-A0D7-65D58FD9E476}.Debug|iPhone.Build.0 = Debug|Any CPU
		{8E51E0AA-1610-4D3C-A0D7-65D58FD9E476}.Debug|iPhoneSimulator.ActiveCfg = Debug|Any CPU
		{8E51E0AA-1610-4D3C-A0D7-65D58FD9E476}.Debug|iPhoneSimulator.Build.0 = Debug|Any CPU
		{8E51E0AA-1610-4D3C-A0D7-65D58FD9E476}.Debug|x64.ActiveCfg = Debug|Any CPU
		{8E51E0AA-1610-4D3C-A0D7-65D58FD9E476}.Debug|x64.Build.0 = Debug|Any CPU
		{8E51E0AA-1610-4D3C-A0D7-65D58FD9E476}.Debug|x86.ActiveCfg = Debug|Any CPU
		{8E51E0AA-1610-4D3C-A0D7-65D58FD9E476}.Debug|x86.Build.0 = Debug|Any CPU
		{8E51E0AA-1610-4D3C-A0D7-65D58FD9E476}.Release|Any CPU.ActiveCfg = Release|Any CPU
		{8E51E0AA-1610-4D3C-A0D7-65D58FD9E476}.Release|Any CPU.Build.0 = Release|Any CPU
		{8E51E0AA-1610-4D3C-A0D7-65D58FD9E476}.Release|ARM.ActiveCfg = Release|Any CPU
		{8E51E0AA-1610-4D3C-A0D7-65D58FD9E476}.Release|ARM.Build.0 = Release|Any CPU
		{8E51E0AA-1610-4D3C-A0D7-65D58FD9E476}.Release|iPhone.ActiveCfg = Release|Any CPU
		{8E51E0AA-1610-4D3C-A0D7-65D58FD9E476}.Release|iPhone.Build.0 = Release|Any CPU
		{8E51E0AA-1610-4D3C-A0D7-65D58FD9E476}.Release|iPhoneSimulator.ActiveCfg = Release|Any CPU
		{8E51E0AA-1610-4D3C-A0D7-65D58FD9E476}.Release|iPhoneSimulator.Build.0 = Release|Any CPU
		{8E51E0AA-1610-4D3C-A0D7-65D58FD9E476}.Release|x64.ActiveCfg = Release|Any CPU
		{8E51E0AA-1610-4D3C-A0D7-65D58FD9E476}.Release|x64.Build.0 = Release|Any CPU
		{8E51E0AA-1610-4D3C-A0D7-65D58FD9E476}.Release|x86.ActiveCfg = Release|Any CPU
		{8E51E0AA-1610-4D3C-A0D7-65D58FD9E476}.Release|x86.Build.0 = Release|Any CPU
	EndGlobalSection
	GlobalSection(SolutionProperties) = preSolution
		HideSolutionNode = FALSE
	EndGlobalSection
EndGlobal
